// !$*UTF8*$!
{
	archiveVersion = 1;
	classes = {
	};
	objectVersion = 56;
	objects = {

/* Begin PBXBuildFile section */
		1E221D5F2A7E6DB000369E1C /* bass.xcframework in Frameworks */ = {isa = PBXBuildFile; fileRef = BE64D6D62925A353001F9A45 /* bass.xcframework */; };
		1E221D602A7E6DB000369E1C /* bass.xcframework in Embed Frameworks */ = {isa = PBXBuildFile; fileRef = BE64D6D62925A353001F9A45 /* bass.xcframework */; settings = {ATTRIBUTES = (CodeSignOnCopy, RemoveHeadersOnCopy, ); }; };
		BC1D24D12C256E5D00FB25D3 /* readme.md in Resources */ = {isa = PBXBuildFile; fileRef = BC1D24D02C256E5D00FB25D3 /* readme.md */; };
		BE05F01129001CCA009069F7 /* TyfloAPI.swift in Sources */ = {isa = PBXBuildFile; fileRef = BE05F01029001CCA009069F7 /* TyfloAPI.swift */; };
		BE1FDCD428F6DE7D00B9601B /* DataController.swift in Sources */ = {isa = PBXBuildFile; fileRef = BE1FDCD328F6DE7D00B9601B /* DataController.swift */; };
		BE2ACFFC292B67C1001914EB /* Changelog.rtf in Resources */ = {isa = PBXBuildFile; fileRef = BE2ACFFB292B67C1001914EB /* Changelog.rtf */; };
		BE55421C28FD548300CC0128 /* NewsView.swift in Sources */ = {isa = PBXBuildFile; fileRef = BE55421B28FD548300CC0128 /* NewsView.swift */; };
		BE56ED2F290B3BE9006ADF67 /* DetailedPodcastView.swift in Sources */ = {isa = PBXBuildFile; fileRef = BE56ED2E290B3BE9006ADF67 /* DetailedPodcastView.swift */; };
		BE71654129219DB700FF9A89 /* HTMLRendererHelper.swift in Sources */ = {isa = PBXBuildFile; fileRef = BE71654029219DB700FF9A89 /* HTMLRendererHelper.swift */; };
		BE7165432921A0D200FF9A89 /* DetailedArticleView.swift in Sources */ = {isa = PBXBuildFile; fileRef = BE7165422921A0D200FF9A89 /* DetailedArticleView.swift */; };
		BE77EE8A29000AE0002087ED /* PodcastCategoriesView.swift in Sources */ = {isa = PBXBuildFile; fileRef = BE77EE8929000AE0002087ED /* PodcastCategoriesView.swift */; };
		BE77EE8C29000B06002087ED /* ArticlesCategoriesView.swift in Sources */ = {isa = PBXBuildFile; fileRef = BE77EE8B29000B06002087ED /* ArticlesCategoriesView.swift */; };
		BE77EE8E29000B2C002087ED /* SearchView.swift in Sources */ = {isa = PBXBuildFile; fileRef = BE77EE8D29000B2C002087ED /* SearchView.swift */; };
		BE77EE9029000B39002087ED /* MoreView.swift in Sources */ = {isa = PBXBuildFile; fileRef = BE77EE8F29000B39002087ED /* MoreView.swift */; };
		BE890DFC29087409005D8DC7 /* Category.swift in Sources */ = {isa = PBXBuildFile; fileRef = BE890DFB29087409005D8DC7 /* Category.swift */; };
		BE890DFE29087659005D8DC7 /* ShortCategoryView.swift in Sources */ = {isa = PBXBuildFile; fileRef = BE890DFD29087659005D8DC7 /* ShortCategoryView.swift */; };
		BE8A2E4C29066C7C00923FBF /* Podcast.swift in Sources */ = {isa = PBXBuildFile; fileRef = BE8A2E4B29066C7C00923FBF /* Podcast.swift */; };
		BE9381D228EAED6400ABB964 /* Tyflocentrum.xcdatamodeld in Sources */ = {isa = PBXBuildFile; fileRef = BE9381D028EAED6400ABB964 /* Tyflocentrum.xcdatamodeld */; };
		BEA9ECD429204CD400718254 /* DetailedArticleCategoryView.swift in Sources */ = {isa = PBXBuildFile; fileRef = BEA9ECD329204CD400718254 /* DetailedArticleCategoryView.swift */; };
		BEB8A67B291CE49C00A2836F /* DetailedCategoryView.swift in Sources */ = {isa = PBXBuildFile; fileRef = BEB8A67A291CE49C00A2836F /* DetailedCategoryView.swift */; };
		BEBAB45F292931BB009967A0 /* MediaPlayerView.swift in Sources */ = {isa = PBXBuildFile; fileRef = BEBAB45E292931BB009967A0 /* MediaPlayerView.swift */; };
		BEC9AB97292E56FF009907EB /* Schedule.swift in Sources */ = {isa = PBXBuildFile; fileRef = BEC9AB96292E56FF009907EB /* Schedule.swift */; };
		BECDC3B62907F057009B92B2 /* ShortPodcastView.swift in Sources */ = {isa = PBXBuildFile; fileRef = BECDC3B52907F057009B92B2 /* ShortPodcastView.swift */; };
		BED1708B29200E8700F4508B /* HTMLTextView.swift in Sources */ = {isa = PBXBuildFile; fileRef = BED1708A29200E8700F4508B /* HTMLTextView.swift */; };
		BED6A4772926DDFE00BA378B /* AudioToolbox.framework in Frameworks */ = {isa = PBXBuildFile; fileRef = BE64D6C12925A1F9001F9A45 /* AudioToolbox.framework */; };
		BED6A4782926DE2C00BA378B /* SystemConfiguration.framework in Frameworks */ = {isa = PBXBuildFile; fileRef = BE64D6CA2925A296001F9A45 /* SystemConfiguration.framework */; };
		BED6A4792926DE4700BA378B /* CFNetwork.framework in Frameworks */ = {isa = PBXBuildFile; fileRef = BE64D6C62925A221001F9A45 /* CFNetwork.framework */; };
		BED6A47A2926DE5C00BA378B /* Accelerate.framework in Frameworks */ = {isa = PBXBuildFile; fileRef = BE64D6D22925A327001F9A45 /* Accelerate.framework */; };
		BED6A47B2926DE8000BA378B /* AVFoundation.framework in Frameworks */ = {isa = PBXBuildFile; fileRef = BE64D6CE2925A2C7001F9A45 /* AVFoundation.framework */; };
		BED6A4852926E14300BA378B /* BASSHelper.swift in Sources */ = {isa = PBXBuildFile; fileRef = BED6A4842926E14300BA378B /* BASSHelper.swift */; };
		BED6A4872926F11D00BA378B /* StringHelper.swift in Sources */ = {isa = PBXBuildFile; fileRef = BED6A4862926F11D00BA378B /* StringHelper.swift */; };
		BEDE145E292CE26E00C25C27 /* Comment.swift in Sources */ = {isa = PBXBuildFile; fileRef = BEDE145D292CE26E00C25C27 /* Comment.swift */; };
		BEEA97B928E9D4BB0073E5AB /* TyflocentrumApp.swift in Sources */ = {isa = PBXBuildFile; fileRef = BEEA97B828E9D4BB0073E5AB /* TyflocentrumApp.swift */; };
		BEEA97BB28E9D4BB0073E5AB /* ContentView.swift in Sources */ = {isa = PBXBuildFile; fileRef = BEEA97BA28E9D4BB0073E5AB /* ContentView.swift */; };
		BEEA97BD28E9D4BB0073E5AB /* Assets.xcassets in Resources */ = {isa = PBXBuildFile; fileRef = BEEA97BC28E9D4BB0073E5AB /* Assets.xcassets */; };
		BEEA97C028E9D4BB0073E5AB /* Preview Assets.xcassets in Resources */ = {isa = PBXBuildFile; fileRef = BEEA97BF28E9D4BB0073E5AB /* Preview Assets.xcassets */; };
		BEEC27DB292E775700F0D869 /* ContactView.swift in Sources */ = {isa = PBXBuildFile; fileRef = BEEC27DA292E775700F0D869 /* ContactView.swift */; };
		BEF5F7EE292E8BE20065E572 /* ContactResponse.swift in Sources */ = {isa = PBXBuildFile; fileRef = BEF5F7ED292E8BE20065E572 /* ContactResponse.swift */; };
/* End PBXBuildFile section */

/* Begin PBXCopyFilesBuildPhase section */
		1E221D612A7E6DB000369E1C /* Embed Frameworks */ = {
			isa = PBXCopyFilesBuildPhase;
			buildActionMask = 2147483647;
			dstPath = "";
			dstSubfolderSpec = 10;
			files = (
				1E221D602A7E6DB000369E1C /* bass.xcframework in Embed Frameworks */,
			);
			name = "Embed Frameworks";
			runOnlyForDeploymentPostprocessing = 0;
		};
/* End PBXCopyFilesBuildPhase section */

/* Begin PBXFileReference section */
		BC1D24D02C256E5D00FB25D3 /* readme.md */ = {isa = PBXFileReference; lastKnownFileType = net.daringfireball.markdown; path = readme.md; sourceTree = "<group>"; };
		BE05F01029001CCA009069F7 /* TyfloAPI.swift */ = {isa = PBXFileReference; lastKnownFileType = sourcecode.swift; path = TyfloAPI.swift; sourceTree = "<group>"; };
		BE1FDCD328F6DE7D00B9601B /* DataController.swift */ = {isa = PBXFileReference; lastKnownFileType = sourcecode.swift; path = DataController.swift; sourceTree = "<group>"; };
		BE2ACFFB292B67C1001914EB /* Changelog.rtf */ = {isa = PBXFileReference; lastKnownFileType = text.rtf; path = Changelog.rtf; sourceTree = "<group>"; };
		BE55421B28FD548300CC0128 /* NewsView.swift */ = {isa = PBXFileReference; lastKnownFileType = sourcecode.swift; path = NewsView.swift; sourceTree = "<group>"; };
		BE56ED2E290B3BE9006ADF67 /* DetailedPodcastView.swift */ = {isa = PBXFileReference; fileEncoding = 4; lastKnownFileType = sourcecode.swift; path = DetailedPodcastView.swift; sourceTree = "<group>"; };
		BE64D6C12925A1F9001F9A45 /* AudioToolbox.framework */ = {isa = PBXFileReference; lastKnownFileType = wrapper.framework; name = AudioToolbox.framework; path = System/Library/Frameworks/AudioToolbox.framework; sourceTree = SDKROOT; };
		BE64D6C62925A221001F9A45 /* CFNetwork.framework */ = {isa = PBXFileReference; lastKnownFileType = wrapper.framework; name = CFNetwork.framework; path = System/Library/Frameworks/CFNetwork.framework; sourceTree = SDKROOT; };
		BE64D6CA2925A296001F9A45 /* SystemConfiguration.framework */ = {isa = PBXFileReference; lastKnownFileType = wrapper.framework; name = SystemConfiguration.framework; path = System/Library/Frameworks/SystemConfiguration.framework; sourceTree = SDKROOT; };
		BE64D6CE2925A2C7001F9A45 /* AVFoundation.framework */ = {isa = PBXFileReference; lastKnownFileType = wrapper.framework; name = AVFoundation.framework; path = System/Library/Frameworks/AVFoundation.framework; sourceTree = SDKROOT; };
		BE64D6D22925A327001F9A45 /* Accelerate.framework */ = {isa = PBXFileReference; lastKnownFileType = wrapper.framework; name = Accelerate.framework; path = System/Library/Frameworks/Accelerate.framework; sourceTree = SDKROOT; };
		BE64D6D62925A353001F9A45 /* bass.xcframework */ = {isa = PBXFileReference; lastKnownFileType = wrapper.xcframework; name = bass.xcframework; path = "../../../../../Downloads/bass24-ios/bass.xcframework"; sourceTree = "<group>"; };
		BE71654029219DB700FF9A89 /* HTMLRendererHelper.swift */ = {isa = PBXFileReference; lastKnownFileType = sourcecode.swift; path = HTMLRendererHelper.swift; sourceTree = "<group>"; };
		BE7165422921A0D200FF9A89 /* DetailedArticleView.swift */ = {isa = PBXFileReference; lastKnownFileType = sourcecode.swift; path = DetailedArticleView.swift; sourceTree = "<group>"; };
		BE77EE8929000AE0002087ED /* PodcastCategoriesView.swift */ = {isa = PBXFileReference; lastKnownFileType = sourcecode.swift; path = PodcastCategoriesView.swift; sourceTree = "<group>"; };
		BE77EE8B29000B06002087ED /* ArticlesCategoriesView.swift */ = {isa = PBXFileReference; lastKnownFileType = sourcecode.swift; path = ArticlesCategoriesView.swift; sourceTree = "<group>"; };
		BE77EE8D29000B2C002087ED /* SearchView.swift */ = {isa = PBXFileReference; lastKnownFileType = sourcecode.swift; path = SearchView.swift; sourceTree = "<group>"; };
		BE77EE8F29000B39002087ED /* MoreView.swift */ = {isa = PBXFileReference; lastKnownFileType = sourcecode.swift; path = MoreView.swift; sourceTree = "<group>"; };
		BE890DFB29087409005D8DC7 /* Category.swift */ = {isa = PBXFileReference; lastKnownFileType = sourcecode.swift; path = Category.swift; sourceTree = "<group>"; };
		BE890DFD29087659005D8DC7 /* ShortCategoryView.swift */ = {isa = PBXFileReference; lastKnownFileType = sourcecode.swift; path = ShortCategoryView.swift; sourceTree = "<group>"; };
		BE8A2E4B29066C7C00923FBF /* Podcast.swift */ = {isa = PBXFileReference; lastKnownFileType = sourcecode.swift; path = Podcast.swift; sourceTree = "<group>"; };
		BE9381D128EAED6400ABB964 /* Tyflocentrum.xcdatamodel */ = {isa = PBXFileReference; lastKnownFileType = wrapper.xcdatamodel; path = Tyflocentrum.xcdatamodel; sourceTree = "<group>"; };
		BEA9ECD329204CD400718254 /* DetailedArticleCategoryView.swift */ = {isa = PBXFileReference; lastKnownFileType = sourcecode.swift; path = DetailedArticleCategoryView.swift; sourceTree = "<group>"; };
		BEB8A67A291CE49C00A2836F /* DetailedCategoryView.swift */ = {isa = PBXFileReference; lastKnownFileType = sourcecode.swift; path = DetailedCategoryView.swift; sourceTree = "<group>"; };
		BEBAB45E292931BB009967A0 /* MediaPlayerView.swift */ = {isa = PBXFileReference; lastKnownFileType = sourcecode.swift; path = MediaPlayerView.swift; sourceTree = "<group>"; };
		BEC9AB96292E56FF009907EB /* Schedule.swift */ = {isa = PBXFileReference; lastKnownFileType = sourcecode.swift; path = Schedule.swift; sourceTree = "<group>"; };
		BECDC3B52907F057009B92B2 /* ShortPodcastView.swift */ = {isa = PBXFileReference; lastKnownFileType = sourcecode.swift; path = ShortPodcastView.swift; sourceTree = "<group>"; };
		BED1708A29200E8700F4508B /* HTMLTextView.swift */ = {isa = PBXFileReference; lastKnownFileType = sourcecode.swift; path = HTMLTextView.swift; sourceTree = "<group>"; };
		BED6A4802926E06C00BA378B /* Tyflocentrum-Bridging-Header.h */ = {isa = PBXFileReference; lastKnownFileType = sourcecode.c.h; path = "Tyflocentrum-Bridging-Header.h"; sourceTree = "<group>"; };
		BED6A4832926E0DA00BA378B /* bass.h */ = {isa = PBXFileReference; fileEncoding = 4; lastKnownFileType = sourcecode.c.h; path = bass.h; sourceTree = "<group>"; };
		BED6A4842926E14300BA378B /* BASSHelper.swift */ = {isa = PBXFileReference; lastKnownFileType = sourcecode.swift; path = BASSHelper.swift; sourceTree = "<group>"; };
		BED6A4862926F11D00BA378B /* StringHelper.swift */ = {isa = PBXFileReference; lastKnownFileType = sourcecode.swift; path = StringHelper.swift; sourceTree = "<group>"; };
		BEDE145D292CE26E00C25C27 /* Comment.swift */ = {isa = PBXFileReference; lastKnownFileType = sourcecode.swift; path = Comment.swift; sourceTree = "<group>"; };
		BEEA97B528E9D4BB0073E5AB /* Tyflocentrum.app */ = {isa = PBXFileReference; explicitFileType = wrapper.application; includeInIndex = 0; path = Tyflocentrum.app; sourceTree = BUILT_PRODUCTS_DIR; };
		BEEA97B828E9D4BB0073E5AB /* TyflocentrumApp.swift */ = {isa = PBXFileReference; lastKnownFileType = sourcecode.swift; path = TyflocentrumApp.swift; sourceTree = "<group>"; };
		BEEA97BA28E9D4BB0073E5AB /* ContentView.swift */ = {isa = PBXFileReference; lastKnownFileType = sourcecode.swift; path = ContentView.swift; sourceTree = "<group>"; };
		BEEA97BC28E9D4BB0073E5AB /* Assets.xcassets */ = {isa = PBXFileReference; lastKnownFileType = folder.assetcatalog; path = Assets.xcassets; sourceTree = "<group>"; };
		BEEA97BF28E9D4BB0073E5AB /* Preview Assets.xcassets */ = {isa = PBXFileReference; lastKnownFileType = folder.assetcatalog; path = "Preview Assets.xcassets"; sourceTree = "<group>"; };
		BEEA97C628E9D6880073E5AB /* Info.plist */ = {isa = PBXFileReference; lastKnownFileType = text.plist; path = Info.plist; sourceTree = "<group>"; };
		BEEC27DA292E775700F0D869 /* ContactView.swift */ = {isa = PBXFileReference; lastKnownFileType = sourcecode.swift; path = ContactView.swift; sourceTree = "<group>"; };
		BEF5F7ED292E8BE20065E572 /* ContactResponse.swift */ = {isa = PBXFileReference; lastKnownFileType = sourcecode.swift; path = ContactResponse.swift; sourceTree = "<group>"; };
/* End PBXFileReference section */

/* Begin PBXFrameworksBuildPhase section */
		BEEA97B228E9D4BA0073E5AB /* Frameworks */ = {
			isa = PBXFrameworksBuildPhase;
			buildActionMask = 2147483647;
			files = (
				BED6A4792926DE4700BA378B /* CFNetwork.framework in Frameworks */,
				BED6A47A2926DE5C00BA378B /* Accelerate.framework in Frameworks */,
				1E221D5F2A7E6DB000369E1C /* bass.xcframework in Frameworks */,
				BED6A47B2926DE8000BA378B /* AVFoundation.framework in Frameworks */,
				BED6A4782926DE2C00BA378B /* SystemConfiguration.framework in Frameworks */,
				BED6A4772926DDFE00BA378B /* AudioToolbox.framework in Frameworks */,
			);
			runOnlyForDeploymentPostprocessing = 0;
		};
/* End PBXFrameworksBuildPhase section */

/* Begin PBXGroup section */
		BE64D6C02925A1F9001F9A45 /* Frameworks */ = {
			isa = PBXGroup;
			children = (
				BE64D6D62925A353001F9A45 /* bass.xcframework */,
				BE64D6D22925A327001F9A45 /* Accelerate.framework */,
				BE64D6CE2925A2C7001F9A45 /* AVFoundation.framework */,
				BE64D6CA2925A296001F9A45 /* SystemConfiguration.framework */,
				BE64D6C62925A221001F9A45 /* CFNetwork.framework */,
				BE64D6C12925A1F9001F9A45 /* AudioToolbox.framework */,
			);
			name = Frameworks;
			sourceTree = "<group>";
		};
		BEA9ECD129203FD700718254 /* Views */ = {
			isa = PBXGroup;
			children = (
				BEEA97BA28E9D4BB0073E5AB /* ContentView.swift */,
				BE7165422921A0D200FF9A89 /* DetailedArticleView.swift */,
				BE55421B28FD548300CC0128 /* NewsView.swift */,
				BE77EE8929000AE0002087ED /* PodcastCategoriesView.swift */,
				BE77EE8B29000B06002087ED /* ArticlesCategoriesView.swift */,
				BE77EE8D29000B2C002087ED /* SearchView.swift */,
				BE77EE8F29000B39002087ED /* MoreView.swift */,
				BED1708A29200E8700F4508B /* HTMLTextView.swift */,
				BECDC3B52907F057009B92B2 /* ShortPodcastView.swift */,
				BE890DFD29087659005D8DC7 /* ShortCategoryView.swift */,
				BE56ED2E290B3BE9006ADF67 /* DetailedPodcastView.swift */,
				BEB8A67A291CE49C00A2836F /* DetailedCategoryView.swift */,
				BEA9ECD329204CD400718254 /* DetailedArticleCategoryView.swift */,
				BE71654029219DB700FF9A89 /* HTMLRendererHelper.swift */,
				BEBAB45E292931BB009967A0 /* MediaPlayerView.swift */,
				BEEC27DA292E775700F0D869 /* ContactView.swift */,
			);
			path = Views;
			sourceTree = "<group>";
		};
		BEA9ECD22920401000718254 /* Models */ = {
			isa = PBXGroup;
			children = (
				BE890DFB29087409005D8DC7 /* Category.swift */,
				BE8A2E4B29066C7C00923FBF /* Podcast.swift */,
				BEDE145D292CE26E00C25C27 /* Comment.swift */,
				BEC9AB96292E56FF009907EB /* Schedule.swift */,
				BEF5F7ED292E8BE20065E572 /* ContactResponse.swift */,
			);
			path = Models;
			sourceTree = "<group>";
		};
		BEEA97AC28E9D4BA0073E5AB = {
			isa = PBXGroup;
			children = (
				BE9381D028EAED6400ABB964 /* Tyflocentrum.xcdatamodeld */,
				BEEA97B728E9D4BB0073E5AB /* Tyflocentrum */,
				BEEA97B628E9D4BB0073E5AB /* Products */,
				BE64D6C02925A1F9001F9A45 /* Frameworks */,
			);
			sourceTree = "<group>";
		};
		BEEA97B628E9D4BB0073E5AB /* Products */ = {
			isa = PBXGroup;
			children = (
				BEEA97B528E9D4BB0073E5AB /* Tyflocentrum.app */,
			);
			name = Products;
			sourceTree = "<group>";
		};
		BEEA97B728E9D4BB0073E5AB /* Tyflocentrum */ = {
			isa = PBXGroup;
			children = (
				BED6A4832926E0DA00BA378B /* bass.h */,
				BEEA97C628E9D6880073E5AB /* Info.plist */,
				BEEA97B828E9D4BB0073E5AB /* TyflocentrumApp.swift */,
				BEA9ECD129203FD700718254 /* Views */,
				BEEA97BC28E9D4BB0073E5AB /* Assets.xcassets */,
				BEEA97BE28E9D4BB0073E5AB /* Preview Content */,
				BE1FDCD328F6DE7D00B9601B /* DataController.swift */,
				BEA9ECD22920401000718254 /* Models */,
				BE05F01029001CCA009069F7 /* TyfloAPI.swift */,
				BED6A4802926E06C00BA378B /* Tyflocentrum-Bridging-Header.h */,
				BED6A4842926E14300BA378B /* BASSHelper.swift */,
				BED6A4862926F11D00BA378B /* StringHelper.swift */,
				BE2ACFFB292B67C1001914EB /* Changelog.rtf */,
				BC1D24D02C256E5D00FB25D3 /* readme.md */,
			);
			path = Tyflocentrum;
			sourceTree = "<group>";
		};
		BEEA97BE28E9D4BB0073E5AB /* Preview Content */ = {
			isa = PBXGroup;
			children = (
				BEEA97BF28E9D4BB0073E5AB /* Preview Assets.xcassets */,
			);
			path = "Preview Content";
			sourceTree = "<group>";
		};
/* End PBXGroup section */

/* Begin PBXNativeTarget section */
		BEEA97B428E9D4BA0073E5AB /* Tyflocentrum */ = {
			isa = PBXNativeTarget;
			buildConfigurationList = BEEA97C328E9D4BB0073E5AB /* Build configuration list for PBXNativeTarget "Tyflocentrum" */;
			buildPhases = (
				BEEA97B128E9D4BA0073E5AB /* Sources */,
				BEEA97B228E9D4BA0073E5AB /* Frameworks */,
				BEEA97B328E9D4BA0073E5AB /* Resources */,
				1E221D612A7E6DB000369E1C /* Embed Frameworks */,
			);
			buildRules = (
			);
			dependencies = (
			);
			name = Tyflocentrum;
			productName = Tyflocentrum;
			productReference = BEEA97B528E9D4BB0073E5AB /* Tyflocentrum.app */;
			productType = "com.apple.product-type.application";
		};
/* End PBXNativeTarget section */

/* Begin PBXProject section */
		BEEA97AD28E9D4BA0073E5AB /* Project object */ = {
			isa = PBXProject;
			attributes = {
				BuildIndependentTargetsInParallel = 1;
				LastSwiftUpdateCheck = 1410;
				LastUpgradeCheck = 1500;
				TargetAttributes = {
					BEEA97B428E9D4BA0073E5AB = {
						CreatedOnToolsVersion = 14.1;
						LastSwiftMigration = 1410;
					};
				};
			};
			buildConfigurationList = BEEA97B028E9D4BA0073E5AB /* Build configuration list for PBXProject "Tyflocentrum" */;
			compatibilityVersion = "Xcode 14.0";
			developmentRegion = pl;
			hasScannedForEncodings = 0;
			knownRegions = (
				en,
				Base,
				pl,
			);
			mainGroup = BEEA97AC28E9D4BA0073E5AB;
			productRefGroup = BEEA97B628E9D4BB0073E5AB /* Products */;
			projectDirPath = "";
			projectRoot = "";
			targets = (
				BEEA97B428E9D4BA0073E5AB /* Tyflocentrum */,
			);
		};
/* End PBXProject section */

/* Begin PBXResourcesBuildPhase section */
		BEEA97B328E9D4BA0073E5AB /* Resources */ = {
			isa = PBXResourcesBuildPhase;
			buildActionMask = 2147483647;
			files = (
				BEEA97C028E9D4BB0073E5AB /* Preview Assets.xcassets in Resources */,
				BEEA97BD28E9D4BB0073E5AB /* Assets.xcassets in Resources */,
				BC1D24D12C256E5D00FB25D3 /* readme.md in Resources */,
				BE2ACFFC292B67C1001914EB /* Changelog.rtf in Resources */,
			);
			runOnlyForDeploymentPostprocessing = 0;
		};
/* End PBXResourcesBuildPhase section */

/* Begin PBXSourcesBuildPhase section */
		BEEA97B128E9D4BA0073E5AB /* Sources */ = {
			isa = PBXSourcesBuildPhase;
			buildActionMask = 2147483647;
			files = (
				BE9381D228EAED6400ABB964 /* Tyflocentrum.xcdatamodeld in Sources */,
				BE890DFE29087659005D8DC7 /* ShortCategoryView.swift in Sources */,
				BED6A4872926F11D00BA378B /* StringHelper.swift in Sources */,
				BE1FDCD428F6DE7D00B9601B /* DataController.swift in Sources */,
				BE7165432921A0D200FF9A89 /* DetailedArticleView.swift in Sources */,
				BE71654129219DB700FF9A89 /* HTMLRendererHelper.swift in Sources */,
				BECDC3B62907F057009B92B2 /* ShortPodcastView.swift in Sources */,
				BED6A4852926E14300BA378B /* BASSHelper.swift in Sources */,
				BE77EE8C29000B06002087ED /* ArticlesCategoriesView.swift in Sources */,
				BEEA97BB28E9D4BB0073E5AB /* ContentView.swift in Sources */,
				BE77EE9029000B39002087ED /* MoreView.swift in Sources */,
				BEA9ECD429204CD400718254 /* DetailedArticleCategoryView.swift in Sources */,
				BE77EE8E29000B2C002087ED /* SearchView.swift in Sources */,
				BEC9AB97292E56FF009907EB /* Schedule.swift in Sources */,
				BE56ED2F290B3BE9006ADF67 /* DetailedPodcastView.swift in Sources */,
				BEBAB45F292931BB009967A0 /* MediaPlayerView.swift in Sources */,
				BEF5F7EE292E8BE20065E572 /* ContactResponse.swift in Sources */,
				BE55421C28FD548300CC0128 /* NewsView.swift in Sources */,
				BEEC27DB292E775700F0D869 /* ContactView.swift in Sources */,
				BEB8A67B291CE49C00A2836F /* DetailedCategoryView.swift in Sources */,
				BE8A2E4C29066C7C00923FBF /* Podcast.swift in Sources */,
				BE890DFC29087409005D8DC7 /* Category.swift in Sources */,
				BEDE145E292CE26E00C25C27 /* Comment.swift in Sources */,
				BE05F01129001CCA009069F7 /* TyfloAPI.swift in Sources */,
				BEEA97B928E9D4BB0073E5AB /* TyflocentrumApp.swift in Sources */,
				BED1708B29200E8700F4508B /* HTMLTextView.swift in Sources */,
				BE77EE8A29000AE0002087ED /* PodcastCategoriesView.swift in Sources */,
			);
			runOnlyForDeploymentPostprocessing = 0;
		};
/* End PBXSourcesBuildPhase section */

/* Begin XCBuildConfiguration section */
		BEEA97C128E9D4BB0073E5AB /* Debug */ = {
			isa = XCBuildConfiguration;
			buildSettings = {
				ALWAYS_SEARCH_USER_PATHS = NO;
				CLANG_ANALYZER_LOCALIZABILITY_NONLOCALIZED = YES;
				CLANG_ANALYZER_NONNULL = YES;
				CLANG_ANALYZER_NUMBER_OBJECT_CONVERSION = YES_AGGRESSIVE;
				CLANG_CXX_LANGUAGE_STANDARD = "gnu++20";
				CLANG_ENABLE_MODULES = YES;
				CLANG_ENABLE_OBJC_ARC = YES;
				CLANG_ENABLE_OBJC_WEAK = YES;
				CLANG_WARN_BLOCK_CAPTURE_AUTORELEASING = YES;
				CLANG_WARN_BOOL_CONVERSION = YES;
				CLANG_WARN_COMMA = YES;
				CLANG_WARN_CONSTANT_CONVERSION = YES;
				CLANG_WARN_DEPRECATED_OBJC_IMPLEMENTATIONS = YES;
				CLANG_WARN_DIRECT_OBJC_ISA_USAGE = YES_ERROR;
				CLANG_WARN_DOCUMENTATION_COMMENTS = YES;
				CLANG_WARN_EMPTY_BODY = YES;
				CLANG_WARN_ENUM_CONVERSION = YES;
				CLANG_WARN_INFINITE_RECURSION = YES;
				CLANG_WARN_INT_CONVERSION = YES;
				CLANG_WARN_NON_LITERAL_NULL_CONVERSION = YES;
				CLANG_WARN_OBJC_IMPLICIT_RETAIN_SELF = YES;
				CLANG_WARN_OBJC_LITERAL_CONVERSION = YES;
				CLANG_WARN_OBJC_ROOT_CLASS = YES_ERROR;
				CLANG_WARN_QUOTED_INCLUDE_IN_FRAMEWORK_HEADER = YES;
				CLANG_WARN_RANGE_LOOP_ANALYSIS = YES;
				CLANG_WARN_STRICT_PROTOTYPES = YES;
				CLANG_WARN_SUSPICIOUS_MOVE = YES;
				CLANG_WARN_UNGUARDED_AVAILABILITY = YES_AGGRESSIVE;
				CLANG_WARN_UNREACHABLE_CODE = YES;
				CLANG_WARN__DUPLICATE_METHOD_MATCH = YES;
				COPY_PHASE_STRIP = NO;
				DEBUG_INFORMATION_FORMAT = dwarf;
				ENABLE_STRICT_OBJC_MSGSEND = YES;
				ENABLE_TESTABILITY = YES;
				ENABLE_USER_SCRIPT_SANDBOXING = YES;
				GCC_C_LANGUAGE_STANDARD = gnu11;
				GCC_DYNAMIC_NO_PIC = NO;
				GCC_NO_COMMON_BLOCKS = YES;
				GCC_OPTIMIZATION_LEVEL = 0;
				GCC_PREPROCESSOR_DEFINITIONS = (
					"DEBUG=1",
					"$(inherited)",
				);
				GCC_WARN_64_TO_32_BIT_CONVERSION = YES;
				GCC_WARN_ABOUT_RETURN_TYPE = YES_ERROR;
				GCC_WARN_UNDECLARED_SELECTOR = YES;
				GCC_WARN_UNINITIALIZED_AUTOS = YES_AGGRESSIVE;
				GCC_WARN_UNUSED_FUNCTION = YES;
				GCC_WARN_UNUSED_VARIABLE = YES;
				IPHONEOS_DEPLOYMENT_TARGET = 16.1;
				MTL_ENABLE_DEBUG_INFO = INCLUDE_SOURCE;
				MTL_FAST_MATH = YES;
				ONLY_ACTIVE_ARCH = YES;
				SDKROOT = iphoneos;
				SWIFT_ACTIVE_COMPILATION_CONDITIONS = DEBUG;
				SWIFT_OPTIMIZATION_LEVEL = "-Onone";
			};
			name = Debug;
		};
		BEEA97C228E9D4BB0073E5AB /* Release */ = {
			isa = XCBuildConfiguration;
			buildSettings = {
				ALWAYS_SEARCH_USER_PATHS = NO;
				CLANG_ANALYZER_LOCALIZABILITY_NONLOCALIZED = YES;
				CLANG_ANALYZER_NONNULL = YES;
				CLANG_ANALYZER_NUMBER_OBJECT_CONVERSION = YES_AGGRESSIVE;
				CLANG_CXX_LANGUAGE_STANDARD = "gnu++20";
				CLANG_ENABLE_MODULES = YES;
				CLANG_ENABLE_OBJC_ARC = YES;
				CLANG_ENABLE_OBJC_WEAK = YES;
				CLANG_WARN_BLOCK_CAPTURE_AUTORELEASING = YES;
				CLANG_WARN_BOOL_CONVERSION = YES;
				CLANG_WARN_COMMA = YES;
				CLANG_WARN_CONSTANT_CONVERSION = YES;
				CLANG_WARN_DEPRECATED_OBJC_IMPLEMENTATIONS = YES;
				CLANG_WARN_DIRECT_OBJC_ISA_USAGE = YES_ERROR;
				CLANG_WARN_DOCUMENTATION_COMMENTS = YES;
				CLANG_WARN_EMPTY_BODY = YES;
				CLANG_WARN_ENUM_CONVERSION = YES;
				CLANG_WARN_INFINITE_RECURSION = YES;
				CLANG_WARN_INT_CONVERSION = YES;
				CLANG_WARN_NON_LITERAL_NULL_CONVERSION = YES;
				CLANG_WARN_OBJC_IMPLICIT_RETAIN_SELF = YES;
				CLANG_WARN_OBJC_LITERAL_CONVERSION = YES;
				CLANG_WARN_OBJC_ROOT_CLASS = YES_ERROR;
				CLANG_WARN_QUOTED_INCLUDE_IN_FRAMEWORK_HEADER = YES;
				CLANG_WARN_RANGE_LOOP_ANALYSIS = YES;
				CLANG_WARN_STRICT_PROTOTYPES = YES;
				CLANG_WARN_SUSPICIOUS_MOVE = YES;
				CLANG_WARN_UNGUARDED_AVAILABILITY = YES_AGGRESSIVE;
				CLANG_WARN_UNREACHABLE_CODE = YES;
				CLANG_WARN__DUPLICATE_METHOD_MATCH = YES;
				COPY_PHASE_STRIP = NO;
				DEBUG_INFORMATION_FORMAT = "dwarf-with-dsym";
				ENABLE_NS_ASSERTIONS = NO;
				ENABLE_STRICT_OBJC_MSGSEND = YES;
				ENABLE_USER_SCRIPT_SANDBOXING = YES;
				GCC_C_LANGUAGE_STANDARD = gnu11;
				GCC_NO_COMMON_BLOCKS = YES;
				GCC_WARN_64_TO_32_BIT_CONVERSION = YES;
				GCC_WARN_ABOUT_RETURN_TYPE = YES_ERROR;
				GCC_WARN_UNDECLARED_SELECTOR = YES;
				GCC_WARN_UNINITIALIZED_AUTOS = YES_AGGRESSIVE;
				GCC_WARN_UNUSED_FUNCTION = YES;
				GCC_WARN_UNUSED_VARIABLE = YES;
				IPHONEOS_DEPLOYMENT_TARGET = 16.1;
				MTL_ENABLE_DEBUG_INFO = NO;
				MTL_FAST_MATH = YES;
				SDKROOT = iphoneos;
				SWIFT_COMPILATION_MODE = wholemodule;
				SWIFT_OPTIMIZATION_LEVEL = "-O";
				VALIDATE_PRODUCT = YES;
			};
			name = Release;
		};
		BEEA97C428E9D4BB0073E5AB /* Debug */ = {
			isa = XCBuildConfiguration;
			buildSettings = {
				ASSETCATALOG_COMPILER_APPICON_NAME = AppIcon;
				ASSETCATALOG_COMPILER_GLOBAL_ACCENT_COLOR_NAME = AccentColor;
				CLANG_ENABLE_MODULES = YES;
				CODE_SIGN_IDENTITY = "Apple Development";
				CODE_SIGN_STYLE = Automatic;
				CURRENT_PROJECT_VERSION = 1;
				DEVELOPMENT_ASSET_PATHS = "\"Tyflocentrum/Preview Content\"";
				DEVELOPMENT_TEAM = A86C2NBH8N;
				ENABLE_PREVIEWS = YES;
				GENERATE_INFOPLIST_FILE = YES;
				INFOPLIST_FILE = Tyflocentrum/Info.plist;
				INFOPLIST_KEY_LSApplicationCategoryType = "public.app-category.education";
				INFOPLIST_KEY_UIApplicationSceneManifest_Generation = YES;
				INFOPLIST_KEY_UIApplicationSupportsIndirectInputEvents = YES;
				INFOPLIST_KEY_UILaunchScreen_Generation = YES;
				INFOPLIST_KEY_UISupportedInterfaceOrientations_iPad = "UIInterfaceOrientationPortrait UIInterfaceOrientationPortraitUpsideDown UIInterfaceOrientationLandscapeLeft UIInterfaceOrientationLandscapeRight";
				INFOPLIST_KEY_UISupportedInterfaceOrientations_iPhone = "UIInterfaceOrientationPortrait UIInterfaceOrientationLandscapeLeft UIInterfaceOrientationLandscapeRight";
				IPHONEOS_DEPLOYMENT_TARGET = 17.0;
				LD_RUNPATH_SEARCH_PATHS = (
					"$(inherited)",
					"@executable_path/Frameworks",
				);
				MARKETING_VERSION = 1.0;
				PRODUCT_BUNDLE_IDENTIFIER = com.nunosoft.Tyflocentrum;
				PRODUCT_NAME = "$(TARGET_NAME)";
				PROVISIONING_PROFILE_SPECIFIER = "";
				SWIFT_EMIT_LOC_STRINGS = YES;
				SWIFT_OBJC_BRIDGING_HEADER = "Tyflocentrum/Tyflocentrum-Bridging-Header.h";
				SWIFT_OPTIMIZATION_LEVEL = "-Onone";
				SWIFT_VERSION = 5.0;
				TARGETED_DEVICE_FAMILY = "1,2";
			};
			name = Debug;
		};
		BEEA97C528E9D4BB0073E5AB /* Release */ = {
			isa = XCBuildConfiguration;
			buildSettings = {
				ASSETCATALOG_COMPILER_APPICON_NAME = AppIcon;
				ASSETCATALOG_COMPILER_GLOBAL_ACCENT_COLOR_NAME = AccentColor;
				CLANG_ENABLE_MODULES = YES;
				CODE_SIGN_IDENTITY = "Apple Development";
				CODE_SIGN_STYLE = Automatic;
				CURRENT_PROJECT_VERSION = 1;
				DEVELOPMENT_ASSET_PATHS = "\"Tyflocentrum/Preview Content\"";
				DEVELOPMENT_TEAM = A86C2NBH8N;
				ENABLE_PREVIEWS = YES;
				GENERATE_INFOPLIST_FILE = YES;
				INFOPLIST_FILE = Tyflocentrum/Info.plist;
				INFOPLIST_KEY_LSApplicationCategoryType = "public.app-category.education";
				INFOPLIST_KEY_UIApplicationSceneManifest_Generation = YES;
				INFOPLIST_KEY_UIApplicationSupportsIndirectInputEvents = YES;
				INFOPLIST_KEY_UILaunchScreen_Generation = YES;
				INFOPLIST_KEY_UISupportedInterfaceOrientations_iPad = "UIInterfaceOrientationPortrait UIInterfaceOrientationPortraitUpsideDown UIInterfaceOrientationLandscapeLeft UIInterfaceOrientationLandscapeRight";
				INFOPLIST_KEY_UISupportedInterfaceOrientations_iPhone = "UIInterfaceOrientationPortrait UIInterfaceOrientationLandscapeLeft UIInterfaceOrientationLandscapeRight";
				IPHONEOS_DEPLOYMENT_TARGET = 17.0;
				LD_RUNPATH_SEARCH_PATHS = (
					"$(inherited)",
					"@executable_path/Frameworks",
				);
				MARKETING_VERSION = 1.0;
				PRODUCT_BUNDLE_IDENTIFIER = com.nunosoft.Tyflocentrum;
				PRODUCT_NAME = "$(TARGET_NAME)";
				PROVISIONING_PROFILE_SPECIFIER = "";
				SWIFT_EMIT_LOC_STRINGS = YES;
				SWIFT_OBJC_BRIDGING_HEADER = "Tyflocentrum/Tyflocentrum-Bridging-Header.h";
				SWIFT_VERSION = 5.0;
				TARGETED_DEVICE_FAMILY = "1,2";
			};
			name = Release;
		};
/* End XCBuildConfiguration section */

/* Begin XCConfigurationList section */
		BEEA97B028E9D4BA0073E5AB /* Build configuration list for PBXProject "Tyflocentrum" */ = {
			isa = XCConfigurationList;
			buildConfigurations = (
				BEEA97C128E9D4BB0073E5AB /* Debug */,
				BEEA97C228E9D4BB0073E5AB /* Release */,
			);
			defaultConfigurationIsVisible = 0;
			defaultConfigurationName = Release;
		};
		BEEA97C328E9D4BB0073E5AB /* Build configuration list for PBXNativeTarget "Tyflocentrum" */ = {
			isa = XCConfigurationList;
			buildConfigurations = (
				BEEA97C428E9D4BB0073E5AB /* Debug */,
				BEEA97C528E9D4BB0073E5AB /* Release */,
			);
			defaultConfigurationIsVisible = 0;
			defaultConfigurationName = Release;
		};
/* End XCConfigurationList section */

/* Begin XCVersionGroup section */
		BE9381D028EAED6400ABB964 /* Tyflocentrum.xcdatamodeld */ = {
			isa = XCVersionGroup;
			children = (
				BE9381D128EAED6400ABB964 /* Tyflocentrum.xcdatamodel */,
			);
			currentVersion = BE9381D128EAED6400ABB964 /* Tyflocentrum.xcdatamodel */;
			path = Tyflocentrum.xcdatamodeld;
			sourceTree = "<group>";
			versionGroupType = wrapper.xcdatamodel;
		};
/* End XCVersionGroup section */
	};
	rootObject = BEEA97AD28E9D4BA0073E5AB /* Project object */;
}
